{
  "pins" : [
    {
      "identity" : "intempt-intemptios",
      "kind" : "remoteSourceControl",
      "location" : "https://github.com/intempt/intempt-intemptios/",
      "state" : {
        "branch" : "package-manager-setup",
        "revision" : "d933ae824df513de5235fb556d5644f7af1f662e"
      }
    }
  ],
  "version" : 2
}
