{
  "pins" : [
    {
      "identity" : "intempt-intemptios",
      "kind" : "remoteSourceControl",
      "location" : "https://github.com/intempt/intempt-intemptios",
      "state" : {
        "branch" : "master",
        "revision" : "4e955bd016c79d33bc94ea902c312f235f0c7a89"
      }
    }
  ],
  "version" : 2
}
